Microsoft Visual Studio Solution File, Format Version 12.00
# Visual Studio Version 17
VisualStudioVersion = 17.5.2.0
MinimumVisualStudioVersion = 10.0.40219.1
Project("{FAE04EC0-301F-11D3-BF4B-00C04F79EFBC}") = "Vending_Machine", "Vending_Machine.csproj", "{8F27440B-3B15-17D8-0869-17A6B7270593}"
EndProject
Global
	GlobalSection(SolutionConfigurationPlatforms) = preSolution
		Debug|Any CPU = Debug|Any CPU
		Release|Any CPU = Release|Any CPU
	EndGlobalSection
	GlobalSection(ProjectConfigurationPlatforms) = postSolution
		{8F27440B-3B15-17D8-0869-17A6B7270593}.Debug|Any CPU.ActiveCfg = Debug|Any CPU
		{8F27440B-3B15-17D8-0869-17A6B7270593}.Debug|Any CPU.Build.0 = Debug|Any CPU
		{8F27440B-3B15-17D8-0869-17A6B7270593}.Release|Any CPU.ActiveCfg = Release|Any CPU
		{8F27440B-3B15-17D8-0869-17A6B7270593}.Release|Any CPU.Build.0 = Release|Any CPU
	EndGlobalSection
	GlobalSection(SolutionProperties) = preSolution
		HideSolutionNode = FALSE
	EndGlobalSection
	GlobalSection(ExtensibilityGlobals) = postSolution
		SolutionGuid = {63B0EBE7-48FB-412A-BA49-5475320EBA07}
	EndGlobalSection
EndGlobal
